
Microsoft Visual Studio Solution File, Format Version 12.00
# Visual Studio Version 16
VisualStudioVersion = 16.0.31321.278
MinimumVisualStudioVersion = 10.0.40219.1
Project("{FAE04EC0-301F-11D3-BF4B-00C04F79EFBC}") = "NorthwindProject", "NorthwindProject\NorthwindProject.csproj", "{EB0047F2-C019-4602-9014-C025EC721FC5}"
EndProject
Global
	GlobalSection(SolutionConfigurationPlatforms) = preSolution
		Debug|Any CPU = Debug|Any CPU
		Release|Any CPU = Release|Any CPU
	EndGlobalSection
	GlobalSection(ProjectConfigurationPlatforms) = postSolution
		{EB0047F2-C019-4602-9014-C025EC721FC5}.Debug|Any CPU.ActiveCfg = Debug|Any CPU
		{EB0047F2-C019-4602-9014-C025EC721FC5}.Debug|Any CPU.Build.0 = Debug|Any CPU
		{EB0047F2-C019-4602-9014-C025EC721FC5}.Release|Any CPU.ActiveCfg = Release|Any CPU
		{EB0047F2-C019-4602-9014-C025EC721FC5}.Release|Any CPU.Build.0 = Release|Any CPU
	EndGlobalSection
	GlobalSection(SolutionProperties) = preSolution
		HideSolutionNode = FALSE
	EndGlobalSection
	GlobalSection(ExtensibilityGlobals) = postSolution
		SolutionGuid = {59051EA3-8D65-42EC-BD61-4D969F0BB2C9}
	EndGlobalSection
EndGlobal
